// !$*UTF8*$!
{
	archiveVersion = 1;
	classes = {
	};
	objectVersion = 50;
	objects = {

/* Begin PBXBuildFile section */
		7A30048723B798A2007C6F80 /* AppDelegate.swift in Sources */ = {isa = PBXBuildFile; fileRef = 7A30048623B798A2007C6F80 /* AppDelegate.swift */; };
		7A30048923B798A2007C6F80 /* SceneDelegate.swift in Sources */ = {isa = PBXBuildFile; fileRef = 7A30048823B798A2007C6F80 /* SceneDelegate.swift */; };
		7A30048B23B798A2007C6F80 /* ContentView.swift in Sources */ = {isa = PBXBuildFile; fileRef = 7A30048A23B798A2007C6F80 /* ContentView.swift */; };
		7A30048D23B798A8007C6F80 /* Assets.xcassets in Resources */ = {isa = PBXBuildFile; fileRef = 7A30048C23B798A8007C6F80 /* Assets.xcassets */; };
		7A30049023B798A8007C6F80 /* Preview Assets.xcassets in Resources */ = {isa = PBXBuildFile; fileRef = 7A30048F23B798A8007C6F80 /* Preview Assets.xcassets */; };
		7A30049323B798A8007C6F80 /* LaunchScreen.storyboard in Resources */ = {isa = PBXBuildFile; fileRef = 7A30049123B798A8007C6F80 /* LaunchScreen.storyboard */; };
/* End PBXBuildFile section */

/* Begin PBXFileReference section */
		7A30048323B798A2007C6F80 /* SwipeMenuSwiftUI.app */ = {isa = PBXFileReference; explicitFileType = wrapper.application; includeInIndex = 0; path = SwipeMenuSwiftUI.app; sourceTree = BUILT_PRODUCTS_DIR; };
		7A30048623B798A2007C6F80 /* AppDelegate.swift */ = {isa = PBXFileReference; lastKnownFileType = sourcecode.swift; path = AppDelegate.swift; sourceTree = "<group>"; };
		7A30048823B798A2007C6F80 /* SceneDelegate.swift */ = {isa = PBXFileReference; lastKnownFileType = sourcecode.swift; path = SceneDelegate.swift; sourceTree = "<group>"; };
		7A30048A23B798A2007C6F80 /* ContentView.swift */ = {isa = PBXFileReference; lastKnownFileType = sourcecode.swift; path = ContentView.swift; sourceTree = "<group>"; };
		7A30048C23B798A8007C6F80 /* Assets.xcassets */ = {isa = PBXFileReference; lastKnownFileType = folder.assetcatalog; path = Assets.xcassets; sourceTree = "<group>"; };
		7A30048F23B798A8007C6F80 /* Preview Assets.xcassets */ = {isa = PBXFileReference; lastKnownFileType = folder.assetcatalog; path = "Preview Assets.xcassets"; sourceTree = "<group>"; };
		7A30049223B798A8007C6F80 /* Base */ = {isa = PBXFileReference; lastKnownFileType = file.storyboard; name = Base; path = Base.lproj/LaunchScreen.storyboard; sourceTree = "<group>"; };
		7A30049423B798A8007C6F80 /* Info.plist */ = {isa = PBXFileReference; lastKnownFileType = text.plist.xml; path = Info.plist; sourceTree = "<group>"; };
/* End PBXFileReference section */

/* Begin PBXFrameworksBuildPhase section */
		7A30048023B798A2007C6F80 /* Frameworks */ = {
			isa = PBXFrameworksBuildPhase;
			buildActionMask = 2147483647;
			files = (
			);
			runOnlyForDeploymentPostprocessing = 0;
		};
/* End PBXFrameworksBuildPhase section */

/* Begin PBXGroup section */
		7A30047A23B798A2007C6F80 = {
			isa = PBXGroup;
			children = (
				7A30048523B798A2007C6F80 /* SwipeMenuSwiftUI */,
				7A30048423B798A2007C6F80 /* Products */,
			);
			sourceTree = "<group>";
		};
		7A30048423B798A2007C6F80 /* Products */ = {
			isa = PBXGroup;
			children = (
				7A30048323B798A2007C6F80 /* SwipeMenuSwiftUI.app */,
			);
			name = Products;
			sourceTree = "<group>";
		};
		7A30048523B798A2007C6F80 /* SwipeMenuSwiftUI */ = {
			isa = PBXGroup;
			children = (
				7A30048623B798A2007C6F80 /* AppDelegate.swift */,
				7A30048823B798A2007C6F80 /* SceneDelegate.swift */,
				7A30048A23B798A2007C6F80 /* ContentView.swift */,
				7A30048C23B798A8007C6F80 /* Assets.xcassets */,
				7A30049123B798A8007C6F80 /* LaunchScreen.storyboard */,
				7A30049423B798A8007C6F80 /* Info.plist */,
				7A30048E23B798A8007C6F80 /* Preview Content */,
			);
			path = SwipeMenuSwiftUI;
			sourceTree = "<group>";
		};
		7A30048E23B798A8007C6F80 /* Preview Content */ = {
			isa = PBXGroup;
			children = (
				7A30048F23B798A8007C6F80 /* Preview Assets.xcassets */,
			);
			path = "Preview Content";
			sourceTree = "<group>";
		};
/* End PBXGroup section */

/* Begin PBXNativeTarget section */
		7A30048223B798A2007C6F80 /* SwipeMenuSwiftUI */ = {
			isa = PBXNativeTarget;
			buildConfigurationList = 7A30049723B798A8007C6F80 /* Build configuration list for PBXNativeTarget "SwipeMenuSwiftUI" */;
			buildPhases = (
				7A30047F23B798A2007C6F80 /* Sources */,
				7A30048023B798A2007C6F80 /* Frameworks */,
				7A30048123B798A2007C6F80 /* Resources */,
			);
			buildRules = (
			);
			dependencies = (
			);
			name = SwipeMenuSwiftUI;
			productName = SwipeMenuSwiftUI;
			productReference = 7A30048323B798A2007C6F80 /* SwipeMenuSwiftUI.app */;
			productType = "com.apple.product-type.application";
		};
/* End PBXNativeTarget section */

/* Begin PBXProject section */
		7A30047B23B798A2007C6F80 /* Project object */ = {
			isa = PBXProject;
			attributes = {
				LastSwiftUpdateCheck = 1130;
				LastUpgradeCheck = 1130;
				ORGANIZATIONNAME = "Nelson Gonzalez";
				TargetAttributes = {
					7A30048223B798A2007C6F80 = {
						CreatedOnToolsVersion = 11.3;
					};
				};
			};
			buildConfigurationList = 7A30047E23B798A2007C6F80 /* Build configuration list for PBXProject "SwipeMenuSwiftUI" */;
			compatibilityVersion = "Xcode 9.3";
			developmentRegion = en;
			hasScannedForEncodings = 0;
			knownRegions = (
				en,
				Base,
			);
			mainGroup = 7A30047A23B798A2007C6F80;
			productRefGroup = 7A30048423B798A2007C6F80 /* Products */;
			projectDirPath = "";
			projectRoot = "";
			targets = (
				7A30048223B798A2007C6F80 /* SwipeMenuSwiftUI */,
			);
		};
/* End PBXProject section */

/* Begin PBXResourcesBuildPhase section */
		7A30048123B798A2007C6F80 /* Resources */ = {
			isa = PBXResourcesBuildPhase;
			buildActionMask = 2147483647;
			files = (
				7A30049323B798A8007C6F80 /* LaunchScreen.storyboard in Resources */,
				7A30049023B798A8007C6F80 /* Preview Assets.xcassets in Resources */,
				7A30048D23B798A8007C6F80 /* Assets.xcassets in Resources */,
			);
			runOnlyForDeploymentPostprocessing = 0;
		};
/* End PBXResourcesBuildPhase section */

/* Begin PBXSourcesBuildPhase section */
		7A30047F23B798A2007C6F80 /* Sources */ = {
			isa = PBXSourcesBuildPhase;
			buildActionMask = 2147483647;
			files = (
				7A30048723B798A2007C6F80 /* AppDelegate.swift in Sources */,
				7A30048923B798A2007C6F80 /* SceneDelegate.swift in Sources */,
				7A30048B23B798A2007C6F80 /* ContentView.swift in Sources */,
			);
			runOnlyForDeploymentPostprocessing = 0;
		};
/* End PBXSourcesBuildPhase section */

/* Begin PBXVariantGroup section */
		7A30049123B798A8007C6F80 /* LaunchScreen.storyboard */ = {
			isa = PBXVariantGroup;
			children = (
				7A30049223B798A8007C6F80 /* Base */,
			);
			name = LaunchScreen.storyboard;
			sourceTree = "<group>";
		};
/* End PBXVariantGroup section */

/* Begin XCBuildConfiguration section */
		7A30049523B798A8007C6F80 /* Debug */ = {
			isa = XCBuildConfiguration;
			buildSettings = {
				ALWAYS_SEARCH_USER_PATHS = NO;
				CLANG_ANALYZER_NONNULL = YES;
				CLANG_ANALYZER_NUMBER_OBJECT_CONVERSION = YES_AGGRESSIVE;
				CLANG_CXX_LANGUAGE_STANDARD = "gnu++14";
				CLANG_CXX_LIBRARY = "libc++";
				CLANG_ENABLE_MODULES = YES;
				CLANG_ENABLE_OBJC_ARC = YES;
				CLANG_ENABLE_OBJC_WEAK = YES;
				CLANG_WARN_BLOCK_CAPTURE_AUTORELEASING = YES;
				CLANG_WARN_BOOL_CONVERSION = YES;
				CLANG_WARN_COMMA = YES;
				CLANG_WARN_CONSTANT_CONVERSION = YES;
				CLANG_WARN_DEPRECATED_OBJC_IMPLEMENTATIONS = YES;
				CLANG_WARN_DIRECT_OBJC_ISA_USAGE = YES_ERROR;
				CLANG_WARN_DOCUMENTATION_COMMENTS = YES;
				CLANG_WARN_EMPTY_BODY = YES;
				CLANG_WARN_ENUM_CONVERSION = YES;
				CLANG_WARN_INFINITE_RECURSION = YES;
				CLANG_WARN_INT_CONVERSION = YES;
				CLANG_WARN_NON_LITERAL_NULL_CONVERSION = YES;
				CLANG_WARN_OBJC_IMPLICIT_RETAIN_SELF = YES;
				CLANG_WARN_OBJC_LITERAL_CONVERSION = YES;
				CLANG_WARN_OBJC_ROOT_CLASS = YES_ERROR;
				CLANG_WARN_RANGE_LOOP_ANALYSIS = YES;
				CLANG_WARN_STRICT_PROTOTYPES = YES;
				CLANG_WARN_SUSPICIOUS_MOVE = YES;
				CLANG_WARN_UNGUARDED_AVAILABILITY = YES_AGGRESSIVE;
				CLANG_WARN_UNREACHABLE_CODE = YES;
				CLANG_WARN__DUPLICATE_METHOD_MATCH = YES;
				COPY_PHASE_STRIP = NO;
				DEBUG_INFORMATION_FORMAT = dwarf;
				ENABLE_STRICT_OBJC_MSGSEND = YES;
				ENABLE_TESTABILITY = YES;
				GCC_C_LANGUAGE_STANDARD = gnu11;
				GCC_DYNAMIC_NO_PIC = NO;
				GCC_NO_COMMON_BLOCKS = YES;
				GCC_OPTIMIZATION_LEVEL = 0;
				GCC_PREPROCESSOR_DEFINITIONS = (
					"DEBUG=1",
					"$(inherited)",
				);
				GCC_WARN_64_TO_32_BIT_CONVERSION = YES;
				GCC_WARN_ABOUT_RETURN_TYPE = YES_ERROR;
				GCC_WARN_UNDECLARED_SELECTOR = YES;
				GCC_WARN_UNINITIALIZED_AUTOS = YES_AGGRESSIVE;
				GCC_WARN_UNUSED_FUNCTION = YES;
				GCC_WARN_UNUSED_VARIABLE = YES;
				IPHONEOS_DEPLOYMENT_TARGET = 13.2;
				MTL_ENABLE_DEBUG_INFO = INCLUDE_SOURCE;
				MTL_FAST_MATH = YES;
				ONLY_ACTIVE_ARCH = YES;
				SDKROOT = iphoneos;
				SWIFT_ACTIVE_COMPILATION_CONDITIONS = DEBUG;
				SWIFT_OPTIMIZATION_LEVEL = "-Onone";
			};
			name = Debug;
		};
		7A30049623B798A8007C6F80 /* Release */ = {
			isa = XCBuildConfiguration;
			buildSettings = {
				ALWAYS_SEARCH_USER_PATHS = NO;
				CLANG_ANALYZER_NONNULL = YES;
				CLANG_ANALYZER_NUMBER_OBJECT_CONVERSION = YES_AGGRESSIVE;
				CLANG_CXX_LANGUAGE_STANDARD = "gnu++14";
				CLANG_CXX_LIBRARY = "libc++";
				CLANG_ENABLE_MODULES = YES;
				CLANG_ENABLE_OBJC_ARC = YES;
				CLANG_ENABLE_OBJC_WEAK = YES;
				CLANG_WARN_BLOCK_CAPTURE_AUTORELEASING = YES;
				CLANG_WARN_BOOL_CONVERSION = YES;
				CLANG_WARN_COMMA = YES;
				CLANG_WARN_CONSTANT_CONVERSION = YES;
				CLANG_WARN_DEPRECATED_OBJC_IMPLEMENTATIONS = YES;
				CLANG_WARN_DIRECT_OBJC_ISA_USAGE = YES_ERROR;
				CLANG_WARN_DOCUMENTATION_COMMENTS = YES;
				CLANG_WARN_EMPTY_BODY = YES;
				CLANG_WARN_ENUM_CONVERSION = YES;
				CLANG_WARN_INFINITE_RECURSION = YES;
				CLANG_WARN_INT_CONVERSION = YES;
				CLANG_WARN_NON_LITERAL_NULL_CONVERSION = YES;
				CLANG_WARN_OBJC_IMPLICIT_RETAIN_SELF = YES;
				CLANG_WARN_OBJC_LITERAL_CONVERSION = YES;
				CLANG_WARN_OBJC_ROOT_CLASS = YES_ERROR;
				CLANG_WARN_RANGE_LOOP_ANALYSIS = YES;
				CLANG_WARN_STRICT_PROTOTYPES = YES;
				CLANG_WARN_SUSPICIOUS_MOVE = YES;
				CLANG_WARN_UNGUARDED_AVAILABILITY = YES_AGGRESSIVE;
				CLANG_WARN_UNREACHABLE_CODE = YES;
				CLANG_WARN__DUPLICATE_METHOD_MATCH = YES;
				COPY_PHASE_STRIP = NO;
				DEBUG_INFORMATION_FORMAT = "dwarf-with-dsym";
				ENABLE_NS_ASSERTIONS = NO;
				ENABLE_STRICT_OBJC_MSGSEND = YES;
				GCC_C_LANGUAGE_STANDARD = gnu11;
				GCC_NO_COMMON_BLOCKS = YES;
				GCC_WARN_64_TO_32_BIT_CONVERSION = YES;
				GCC_WARN_ABOUT_RETURN_TYPE = YES_ERROR;
				GCC_WARN_UNDECLARED_SELECTOR = YES;
				GCC_WARN_UNINITIALIZED_AUTOS = YES_AGGRESSIVE;
				GCC_WARN_UNUSED_FUNCTION = YES;
				GCC_WARN_UNUSED_VARIABLE = YES;
				IPHONEOS_DEPLOYMENT_TARGET = 13.2;
				MTL_ENABLE_DEBUG_INFO = NO;
				MTL_FAST_MATH = YES;
				SDKROOT = iphoneos;
				SWIFT_COMPILATION_MODE = wholemodule;
				SWIFT_OPTIMIZATION_LEVEL = "-O";
				VALIDATE_PRODUCT = YES;
			};
			name = Release;
		};
		7A30049823B798A8007C6F80 /* Debug */ = {
			isa = XCBuildConfiguration;
			buildSettings = {
				ASSETCATALOG_COMPILER_APPICON_NAME = AppIcon;
				CODE_SIGN_STYLE = Automatic;
				DEVELOPMENT_ASSET_PATHS = "\"SwipeMenuSwiftUI/Preview Content\"";
				DEVELOPMENT_TEAM = ZD9LN99SX6;
				ENABLE_PREVIEWS = YES;
				INFOPLIST_FILE = SwipeMenuSwiftUI/Info.plist;
				LD_RUNPATH_SEARCH_PATHS = (
					"$(inherited)",
					"@executable_path/Frameworks",
				);
				PRODUCT_BUNDLE_IDENTIFIER = com.nelsongonzalez.SwipeMenuSwiftUI;
				PRODUCT_NAME = "$(TARGET_NAME)";
				SWIFT_VERSION = 5.0;
				TARGETED_DEVICE_FAMILY = "1,2";
			};
			name = Debug;
		};
		7A30049923B798A8007C6F80 /* Release */ = {
			isa = XCBuildConfiguration;
			buildSettings = {
				ASSETCATALOG_COMPILER_APPICON_NAME = AppIcon;
				CODE_SIGN_STYLE = Automatic;
				DEVELOPMENT_ASSET_PATHS = "\"SwipeMenuSwiftUI/Preview Content\"";
				DEVELOPMENT_TEAM = ZD9LN99SX6;
				ENABLE_PREVIEWS = YES;
				INFOPLIST_FILE = SwipeMenuSwiftUI/Info.plist;
				LD_RUNPATH_SEARCH_PATHS = (
					"$(inherited)",
					"@executable_path/Frameworks",
				);
				PRODUCT_BUNDLE_IDENTIFIER = com.nelsongonzalez.SwipeMenuSwiftUI;
				PRODUCT_NAME = "$(TARGET_NAME)";
				SWIFT_VERSION = 5.0;
				TARGETED_DEVICE_FAMILY = "1,2";
			};
			name = Release;
		};
/* End XCBuildConfiguration section */

/* Begin XCConfigurationList section */
		7A30047E23B798A2007C6F80 /* Build configuration list for PBXProject "SwipeMenuSwiftUI" */ = {
			isa = XCConfigurationList;
			buildConfigurations = (
				7A30049523B798A8007C6F80 /* Debug */,
				7A30049623B798A8007C6F80 /* Release */,
			);
			defaultConfigurationIsVisible = 0;
			defaultConfigurationName = Release;
		};
		7A30049723B798A8007C6F80 /* Build configuration list for PBXNativeTarget "SwipeMenuSwiftUI" */ = {
			isa = XCConfigurationList;
			buildConfigurations = (
				7A30049823B798A8007C6F80 /* Debug */,
				7A30049923B798A8007C6F80 /* Release */,
			);
			defaultConfigurationIsVisible = 0;
			defaultConfigurationName = Release;
		};
/* End XCConfigurationList section */
	};
	rootObject = 7A30047B23B798A2007C6F80 /* Project object */;
}
